
Microsoft Visual Studio Solution File, Format Version 12.00
# Visual Studio Version 17
VisualStudioVersion = 17.4.33213.308
MinimumVisualStudioVersion = 10.0.40219.1
Project("{9A19103F-16F7-4668-BE54-9A1E7A4F7556}") = "ms-gestionstock", "ms-gestionstock.csproj", "{52BBBA2E-A717-4CED-94AA-6D468913D30B}"
EndProject
Project("{E53339B2-1760-4266-BCC7-CA923CBCF16C}") = "docker-compose", "docker-compose.dcproj", "{8BA68933-2204-40E1-88A4-2A0AB6F72B26}"
EndProject
Global
	GlobalSection(SolutionConfigurationPlatforms) = preSolution
		Debug|Any CPU = Debug|Any CPU
		Release|Any CPU = Release|Any CPU
	EndGlobalSection
	GlobalSection(ProjectConfigurationPlatforms) = postSolution
		{52BBBA2E-A717-4CED-94AA-6D468913D30B}.Debug|Any CPU.ActiveCfg = Debug|Any CPU
		{52BBBA2E-A717-4CED-94AA-6D468913D30B}.Debug|Any CPU.Build.0 = Debug|Any CPU
		{52BBBA2E-A717-4CED-94AA-6D468913D30B}.Release|Any CPU.ActiveCfg = Release|Any CPU
		{52BBBA2E-A717-4CED-94AA-6D468913D30B}.Release|Any CPU.Build.0 = Release|Any CPU
		{8BA68933-2204-40E1-88A4-2A0AB6F72B26}.Debug|Any CPU.ActiveCfg = Debug|Any CPU
		{8BA68933-2204-40E1-88A4-2A0AB6F72B26}.Debug|Any CPU.Build.0 = Debug|Any CPU
		{8BA68933-2204-40E1-88A4-2A0AB6F72B26}.Release|Any CPU.ActiveCfg = Release|Any CPU
		{8BA68933-2204-40E1-88A4-2A0AB6F72B26}.Release|Any CPU.Build.0 = Release|Any CPU
	EndGlobalSection
	GlobalSection(SolutionProperties) = preSolution
		HideSolutionNode = FALSE
	EndGlobalSection
	GlobalSection(ExtensibilityGlobals) = postSolution
		SolutionGuid = {E913F977-5B60-407E-9A9C-09BD33EB208F}
	EndGlobalSection
EndGlobal
